
Microsoft Visual Studio Solution File, Format Version 12.00
# Visual Studio 15
VisualStudioVersion = 15.0.28307.705
MinimumVisualStudioVersion = 10.0.40219.1
Project("{FAE04EC0-301F-11D3-BF4B-00C04F79EFBC}") = "Vic.SportsStore.Domain", "Vic.SportsStore.Domain\Vic.SportsStore.Domain.csproj", "{AE518D8F-2BED-4879-B44E-47D3C247EA79}"
EndProject
Project("{FAE04EC0-301F-11D3-BF4B-00C04F79EFBC}") = "Vic.SportsStore.UnitTests", "Vic.SportsStore.UnitTests\Vic.SportsStore.UnitTests.csproj", "{1817F10E-9DA6-4DD6-B609-3287B376E7A8}"
EndProject
Project("{FAE04EC0-301F-11D3-BF4B-00C04F79EFBC}") = "Vic.SportsStore.DebugConsole", "Vic.SportsStore.DebugConsole\Vic.SportsStore.DebugConsole.csproj", "{632C94B2-783B-46C1-BF27-2760DE2C2416}"
EndProject
Project("{FAE04EC0-301F-11D3-BF4B-00C04F79EFBC}") = "Vic.SportsStore.WebApp", "Vic.SportsStore.WebApp\Vic.SportsStore.WebApp.csproj", "{0CFDB296-4DD1-470B-A705-DA6F28920567}"
EndProject
Global
	GlobalSection(SolutionConfigurationPlatforms) = preSolution
		Debug|Any CPU = Debug|Any CPU
		Release|Any CPU = Release|Any CPU
	EndGlobalSection
	GlobalSection(ProjectConfigurationPlatforms) = postSolution
		{AE518D8F-2BED-4879-B44E-47D3C247EA79}.Debug|Any CPU.ActiveCfg = Debug|Any CPU
		{AE518D8F-2BED-4879-B44E-47D3C247EA79}.Debug|Any CPU.Build.0 = Debug|Any CPU
		{AE518D8F-2BED-4879-B44E-47D3C247EA79}.Release|Any CPU.ActiveCfg = Release|Any CPU
		{AE518D8F-2BED-4879-B44E-47D3C247EA79}.Release|Any CPU.Build.0 = Release|Any CPU
		{1817F10E-9DA6-4DD6-B609-3287B376E7A8}.Debug|Any CPU.ActiveCfg = Debug|Any CPU
		{1817F10E-9DA6-4DD6-B609-3287B376E7A8}.Debug|Any CPU.Build.0 = Debug|Any CPU
		{1817F10E-9DA6-4DD6-B609-3287B376E7A8}.Release|Any CPU.ActiveCfg = Release|Any CPU
		{1817F10E-9DA6-4DD6-B609-3287B376E7A8}.Release|Any CPU.Build.0 = Release|Any CPU
		{632C94B2-783B-46C1-BF27-2760DE2C2416}.Debug|Any CPU.ActiveCfg = Debug|Any CPU
		{632C94B2-783B-46C1-BF27-2760DE2C2416}.Debug|Any CPU.Build.0 = Debug|Any CPU
		{632C94B2-783B-46C1-BF27-2760DE2C2416}.Release|Any CPU.ActiveCfg = Release|Any CPU
		{632C94B2-783B-46C1-BF27-2760DE2C2416}.Release|Any CPU.Build.0 = Release|Any CPU
		{0CFDB296-4DD1-470B-A705-DA6F28920567}.Debug|Any CPU.ActiveCfg = Debug|Any CPU
		{0CFDB296-4DD1-470B-A705-DA6F28920567}.Debug|Any CPU.Build.0 = Debug|Any CPU
		{0CFDB296-4DD1-470B-A705-DA6F28920567}.Release|Any CPU.ActiveCfg = Release|Any CPU
		{0CFDB296-4DD1-470B-A705-DA6F28920567}.Release|Any CPU.Build.0 = Release|Any CPU
	EndGlobalSection
	GlobalSection(SolutionProperties) = preSolution
		HideSolutionNode = FALSE
	EndGlobalSection
	GlobalSection(ExtensibilityGlobals) = postSolution
		SolutionGuid = {DD8860DF-B599-4A7F-89DA-F44A8DF24A18}
	EndGlobalSection
EndGlobal
